{
  "requires": true,
  "lockfileVersion": 1,
  "dependencies": {
    "typescipt": {
      "version": "1.0.0",
      "resolved": "https://registry.npmjs.org/typescipt/-/typescipt-1.0.0.tgz",
      "integrity": "sha512-Rgg7DtWh0c0oJPz2p48B0hlINIkE5zxU5i+dGctkoiKjIu6twl0HXWzoy+mvp9bQfLJGx70zYuN6GK0S/x5Kxw==",
      "dev": true
    }
  }
}
